
Microsoft Visual Studio Solution File, Format Version 12.00
# Visual Studio Version 16
VisualStudioVersion = 25.0.1706.0
MinimumVisualStudioVersion = 10.0.40219.1
Project("{FAE04EC0-301F-11D3-BF4B-00C04F79EFBC}") = "SignalR_P331", "SignalR_P331\SignalR_P331.csproj", "{52D2D0FB-3E40-4C6A-B669-710A21698428}"
EndProject
Global
	GlobalSection(SolutionConfigurationPlatforms) = preSolution
		Debug|Any CPU = Debug|Any CPU
		Release|Any CPU = Release|Any CPU
	EndGlobalSection
	GlobalSection(ProjectConfigurationPlatforms) = postSolution
		{52D2D0FB-3E40-4C6A-B669-710A21698428}.Debug|Any CPU.ActiveCfg = Debug|Any CPU
		{52D2D0FB-3E40-4C6A-B669-710A21698428}.Debug|Any CPU.Build.0 = Debug|Any CPU
		{52D2D0FB-3E40-4C6A-B669-710A21698428}.Release|Any CPU.ActiveCfg = Release|Any CPU
		{52D2D0FB-3E40-4C6A-B669-710A21698428}.Release|Any CPU.Build.0 = Release|Any CPU
	EndGlobalSection
	GlobalSection(SolutionProperties) = preSolution
		HideSolutionNode = FALSE
	EndGlobalSection
	GlobalSection(ExtensibilityGlobals) = postSolution
		SolutionGuid = {70311DAF-4C8C-46A9-8415-193019120120}
	EndGlobalSection
EndGlobal
